
Microsoft Visual Studio Solution File, Format Version 12.00
# Visual Studio Version 17
VisualStudioVersion = 17.3.32825.248
MinimumVisualStudioVersion = 10.0.40219.1
Project("{FAE04EC0-301F-11D3-BF4B-00C04F79EFBC}") = "SiteCuMVC", "SiteCuMVC\SiteCuMVC.csproj", "{38BED375-A32C-4327-B2ED-8FDD4666CFBA}"
EndProject
Global
	GlobalSection(SolutionConfigurationPlatforms) = preSolution
		Debug|Any CPU = Debug|Any CPU
		Release|Any CPU = Release|Any CPU
	EndGlobalSection
	GlobalSection(ProjectConfigurationPlatforms) = postSolution
		{38BED375-A32C-4327-B2ED-8FDD4666CFBA}.Debug|Any CPU.ActiveCfg = Debug|Any CPU
		{38BED375-A32C-4327-B2ED-8FDD4666CFBA}.Debug|Any CPU.Build.0 = Debug|Any CPU
		{38BED375-A32C-4327-B2ED-8FDD4666CFBA}.Release|Any CPU.ActiveCfg = Release|Any CPU
		{38BED375-A32C-4327-B2ED-8FDD4666CFBA}.Release|Any CPU.Build.0 = Release|Any CPU
	EndGlobalSection
	GlobalSection(SolutionProperties) = preSolution
		HideSolutionNode = FALSE
	EndGlobalSection
	GlobalSection(ExtensibilityGlobals) = postSolution
		SolutionGuid = {C0504DE2-BA7B-4E6D-97E1-200DF745801D}
	EndGlobalSection
EndGlobal
