
Microsoft Visual Studio Solution File, Format Version 12.00
# Visual Studio Version 17
VisualStudioVersion = 17.3.32825.248
MinimumVisualStudioVersion = 10.0.40219.1
Project("{9A19103F-16F7-4668-BE54-9A1E7A4F7556}") = "Lab5", "Lab4\Lab5.csproj", "{39AC3DA7-748A-4E86-BCB8-F68D56DCC45C}"
EndProject
Global
	GlobalSection(SolutionConfigurationPlatforms) = preSolution
		Debug|Any CPU = Debug|Any CPU
		Release|Any CPU = Release|Any CPU
	EndGlobalSection
	GlobalSection(ProjectConfigurationPlatforms) = postSolution
		{39AC3DA7-748A-4E86-BCB8-F68D56DCC45C}.Debug|Any CPU.ActiveCfg = Debug|Any CPU
		{39AC3DA7-748A-4E86-BCB8-F68D56DCC45C}.Debug|Any CPU.Build.0 = Debug|Any CPU
		{39AC3DA7-748A-4E86-BCB8-F68D56DCC45C}.Release|Any CPU.ActiveCfg = Release|Any CPU
		{39AC3DA7-748A-4E86-BCB8-F68D56DCC45C}.Release|Any CPU.Build.0 = Release|Any CPU
	EndGlobalSection
	GlobalSection(SolutionProperties) = preSolution
		HideSolutionNode = FALSE
	EndGlobalSection
	GlobalSection(ExtensibilityGlobals) = postSolution
		SolutionGuid = {63DE309E-31EE-406D-AF20-5ABAEEB1006E}
	EndGlobalSection
EndGlobal
